// !$*UTF8*$!
{
	archiveVersion = 1;
	classes = {
	};
	objectVersion = 55;
	objects = {

/* Begin PBXBuildFile section */
		5C101D9C2841078300F5FE5D /* AppDelegate.swift in Sources */ = {isa = PBXBuildFile; fileRef = 5C101D9B2841078300F5FE5D /* AppDelegate.swift */; };
		5C101D9E2841078300F5FE5D /* SceneDelegate.swift in Sources */ = {isa = PBXBuildFile; fileRef = 5C101D9D2841078300F5FE5D /* SceneDelegate.swift */; };
		5C101DA52841078500F5FE5D /* Assets.xcassets in Resources */ = {isa = PBXBuildFile; fileRef = 5C101DA42841078500F5FE5D /* Assets.xcassets */; };
		5C101DA82841078500F5FE5D /* LaunchScreen.storyboard in Resources */ = {isa = PBXBuildFile; fileRef = 5C101DA62841078500F5FE5D /* LaunchScreen.storyboard */; };
		5C101DB228410A2200F5FE5D /* FeedViewController.swift in Sources */ = {isa = PBXBuildFile; fileRef = 5C101DB128410A2200F5FE5D /* FeedViewController.swift */; };
		5C101DB428410A3F00F5FE5D /* ProfileViewController.swift in Sources */ = {isa = PBXBuildFile; fileRef = 5C101DB328410A3F00F5FE5D /* ProfileViewController.swift */; };
		5C101DB628410A4D00F5FE5D /* PostViewController.swift in Sources */ = {isa = PBXBuildFile; fileRef = 5C101DB528410A4D00F5FE5D /* PostViewController.swift */; };
		5C101DB828410A5D00F5FE5D /* InfoViewController.swift in Sources */ = {isa = PBXBuildFile; fileRef = 5C101DB728410A5D00F5FE5D /* InfoViewController.swift */; };
		5C101DBA28410A9200F5FE5D /* Post.swift in Sources */ = {isa = PBXBuildFile; fileRef = 5C101DB928410A9200F5FE5D /* Post.swift */; };
		5CA3BB40285FC6020069B9EA /* PostTableViewCell.swift in Sources */ = {isa = PBXBuildFile; fileRef = 5CA3BB3F285FC6020069B9EA /* PostTableViewCell.swift */; };
		5CA3BB422864CDA70069B9EA /* PhotoGallery.swift in Sources */ = {isa = PBXBuildFile; fileRef = 5CA3BB412864CDA70069B9EA /* PhotoGallery.swift */; };
		5CA3BB442864CFB40069B9EA /* PhotosViewController.swift in Sources */ = {isa = PBXBuildFile; fileRef = 5CA3BB432864CFB40069B9EA /* PhotosViewController.swift */; };
		5CA3BB462864F0330069B9EA /* PhotosCollectionViewCell.swift in Sources */ = {isa = PBXBuildFile; fileRef = 5CA3BB452864F0320069B9EA /* PhotosCollectionViewCell.swift */; };
		5CA3BB4A2864FD6D0069B9EA /* PhotosTableViewCell.swift in Sources */ = {isa = PBXBuildFile; fileRef = 5CA3BB492864FD6D0069B9EA /* PhotosTableViewCell.swift */; };
		5CA3BB4C286B652F0069B9EA /* alfa.swift in Sources */ = {isa = PBXBuildFile; fileRef = 5CA3BB4B286B652F0069B9EA /* alfa.swift */; };
		5CD4C784285B35E70088240D /* LoginViewController.swift in Sources */ = {isa = PBXBuildFile; fileRef = 5CD4C783285B35E70088240D /* LoginViewController.swift */; };
		5CEDFD3D2846ADDB00AA08F3 /* ProfileHeaderview.swift in Sources */ = {isa = PBXBuildFile; fileRef = 5CEDFD3C2846ADDB00AA08F3 /* ProfileHeaderview.swift */; };
/* End PBXBuildFile section */

/* Begin PBXFileReference section */
		5C101D982841078300F5FE5D /* Navigation-.app */ = {isa = PBXFileReference; explicitFileType = wrapper.application; includeInIndex = 0; path = "Navigation-.app"; sourceTree = BUILT_PRODUCTS_DIR; };
		5C101D9B2841078300F5FE5D /* AppDelegate.swift */ = {isa = PBXFileReference; lastKnownFileType = sourcecode.swift; path = AppDelegate.swift; sourceTree = "<group>"; };
		5C101D9D2841078300F5FE5D /* SceneDelegate.swift */ = {isa = PBXFileReference; lastKnownFileType = sourcecode.swift; path = SceneDelegate.swift; sourceTree = "<group>"; };
		5C101DA42841078500F5FE5D /* Assets.xcassets */ = {isa = PBXFileReference; lastKnownFileType = folder.assetcatalog; path = Assets.xcassets; sourceTree = "<group>"; };
		5C101DA72841078500F5FE5D /* Base */ = {isa = PBXFileReference; lastKnownFileType = file.storyboard; name = Base; path = Base.lproj/LaunchScreen.storyboard; sourceTree = "<group>"; };
		5C101DA92841078500F5FE5D /* Info.plist */ = {isa = PBXFileReference; lastKnownFileType = text.plist.xml; path = Info.plist; sourceTree = "<group>"; };
		5C101DB128410A2200F5FE5D /* FeedViewController.swift */ = {isa = PBXFileReference; lastKnownFileType = sourcecode.swift; path = FeedViewController.swift; sourceTree = "<group>"; };
		5C101DB328410A3F00F5FE5D /* ProfileViewController.swift */ = {isa = PBXFileReference; lastKnownFileType = sourcecode.swift; path = ProfileViewController.swift; sourceTree = "<group>"; };
		5C101DB528410A4D00F5FE5D /* PostViewController.swift */ = {isa = PBXFileReference; lastKnownFileType = sourcecode.swift; path = PostViewController.swift; sourceTree = "<group>"; };
		5C101DB728410A5D00F5FE5D /* InfoViewController.swift */ = {isa = PBXFileReference; lastKnownFileType = sourcecode.swift; path = InfoViewController.swift; sourceTree = "<group>"; };
		5C101DB928410A9200F5FE5D /* Post.swift */ = {isa = PBXFileReference; lastKnownFileType = sourcecode.swift; path = Post.swift; sourceTree = "<group>"; };
		5CA3BB3F285FC6020069B9EA /* PostTableViewCell.swift */ = {isa = PBXFileReference; lastKnownFileType = sourcecode.swift; path = PostTableViewCell.swift; sourceTree = "<group>"; };
		5CA3BB412864CDA70069B9EA /* PhotoGallery.swift */ = {isa = PBXFileReference; lastKnownFileType = sourcecode.swift; path = PhotoGallery.swift; sourceTree = "<group>"; };
		5CA3BB432864CFB40069B9EA /* PhotosViewController.swift */ = {isa = PBXFileReference; lastKnownFileType = sourcecode.swift; path = PhotosViewController.swift; sourceTree = "<group>"; };
		5CA3BB452864F0320069B9EA /* PhotosCollectionViewCell.swift */ = {isa = PBXFileReference; lastKnownFileType = sourcecode.swift; path = PhotosCollectionViewCell.swift; sourceTree = "<group>"; };
		5CA3BB492864FD6D0069B9EA /* PhotosTableViewCell.swift */ = {isa = PBXFileReference; lastKnownFileType = sourcecode.swift; path = PhotosTableViewCell.swift; sourceTree = "<group>"; };
		5CA3BB4B286B652F0069B9EA /* alfa.swift */ = {isa = PBXFileReference; lastKnownFileType = sourcecode.swift; path = alfa.swift; sourceTree = "<group>"; };
		5CD4C783285B35E70088240D /* LoginViewController.swift */ = {isa = PBXFileReference; lastKnownFileType = sourcecode.swift; path = LoginViewController.swift; sourceTree = "<group>"; };
		5CEDFD3C2846ADDB00AA08F3 /* ProfileHeaderview.swift */ = {isa = PBXFileReference; lastKnownFileType = sourcecode.swift; path = ProfileHeaderview.swift; sourceTree = "<group>"; };
/* End PBXFileReference section */

/* Begin PBXFrameworksBuildPhase section */
		5C101D952841078300F5FE5D /* Frameworks */ = {
			isa = PBXFrameworksBuildPhase;
			buildActionMask = 2147483647;
			files = (
			);
			runOnlyForDeploymentPostprocessing = 0;
		};
/* End PBXFrameworksBuildPhase section */

/* Begin PBXGroup section */
		5C101D8F2841078300F5FE5D = {
			isa = PBXGroup;
			children = (
				5C101D9A2841078300F5FE5D /* Navigation- */,
				5C101D992841078300F5FE5D /* Products */,
			);
			sourceTree = "<group>";
		};
		5C101D992841078300F5FE5D /* Products */ = {
			isa = PBXGroup;
			children = (
				5C101D982841078300F5FE5D /* Navigation-.app */,
			);
			name = Products;
			sourceTree = "<group>";
		};
		5C101D9A2841078300F5FE5D /* Navigation- */ = {
			isa = PBXGroup;
			children = (
				5CA3BB4B286B652F0069B9EA /* alfa.swift */,
				5CEDFD392846AB5C00AA08F3 /* Profile */,
				5C101DB0284109EA00F5FE5D /* Controllers */,
				5C101DAF284109DD00F5FE5D /* Data */,
				5C101D9B2841078300F5FE5D /* AppDelegate.swift */,
				5C101D9D2841078300F5FE5D /* SceneDelegate.swift */,
				5C101DA42841078500F5FE5D /* Assets.xcassets */,
				5C101DA62841078500F5FE5D /* LaunchScreen.storyboard */,
				5C101DA92841078500F5FE5D /* Info.plist */,
			);
			path = "Navigation-";
			sourceTree = "<group>";
		};
		5C101DAF284109DD00F5FE5D /* Data */ = {
			isa = PBXGroup;
			children = (
				5C101DB928410A9200F5FE5D /* Post.swift */,
			);
			path = Data;
			sourceTree = "<group>";
		};
		5C101DB0284109EA00F5FE5D /* Controllers */ = {
			isa = PBXGroup;
			children = (
				5C101DB128410A2200F5FE5D /* FeedViewController.swift */,
				5C101DB528410A4D00F5FE5D /* PostViewController.swift */,
				5C101DB728410A5D00F5FE5D /* InfoViewController.swift */,
			);
			path = Controllers;
			sourceTree = "<group>";
		};
		5CEDFD392846AB5C00AA08F3 /* Profile */ = {
			isa = PBXGroup;
			children = (
				5C101DB328410A3F00F5FE5D /* ProfileViewController.swift */,
				5CEDFD3C2846ADDB00AA08F3 /* ProfileHeaderview.swift */,
				5CD4C783285B35E70088240D /* LoginViewController.swift */,
				5CA3BB3F285FC6020069B9EA /* PostTableViewCell.swift */,
				5CA3BB412864CDA70069B9EA /* PhotoGallery.swift */,
				5CA3BB432864CFB40069B9EA /* PhotosViewController.swift */,
				5CA3BB452864F0320069B9EA /* PhotosCollectionViewCell.swift */,
				5CA3BB492864FD6D0069B9EA /* PhotosTableViewCell.swift */,
			);
			path = Profile;
			sourceTree = "<group>";
		};
/* End PBXGroup section */

/* Begin PBXNativeTarget section */
		5C101D972841078300F5FE5D /* Navigation- */ = {
			isa = PBXNativeTarget;
			buildConfigurationList = 5C101DAC2841078500F5FE5D /* Build configuration list for PBXNativeTarget "Navigation-" */;
			buildPhases = (
				5C101D942841078300F5FE5D /* Sources */,
				5C101D952841078300F5FE5D /* Frameworks */,
				5C101D962841078300F5FE5D /* Resources */,
			);
			buildRules = (
			);
			dependencies = (
			);
			name = "Navigation-";
			productName = "Navigation-";
			productReference = 5C101D982841078300F5FE5D /* Navigation-.app */;
			productType = "com.apple.product-type.application";
		};
/* End PBXNativeTarget section */

/* Begin PBXProject section */
		5C101D902841078300F5FE5D /* Project object */ = {
			isa = PBXProject;
			attributes = {
				BuildIndependentTargetsInParallel = 1;
				LastSwiftUpdateCheck = 1320;
				LastUpgradeCheck = 1320;
				TargetAttributes = {
					5C101D972841078300F5FE5D = {
						CreatedOnToolsVersion = 13.2.1;
					};
				};
			};
			buildConfigurationList = 5C101D932841078300F5FE5D /* Build configuration list for PBXProject "Navigation-" */;
			compatibilityVersion = "Xcode 13.0";
			developmentRegion = en;
			hasScannedForEncodings = 0;
			knownRegions = (
				en,
				Base,
			);
			mainGroup = 5C101D8F2841078300F5FE5D;
			productRefGroup = 5C101D992841078300F5FE5D /* Products */;
			projectDirPath = "";
			projectRoot = "";
			targets = (
				5C101D972841078300F5FE5D /* Navigation- */,
			);
		};
/* End PBXProject section */

/* Begin PBXResourcesBuildPhase section */
		5C101D962841078300F5FE5D /* Resources */ = {
			isa = PBXResourcesBuildPhase;
			buildActionMask = 2147483647;
			files = (
				5C101DA82841078500F5FE5D /* LaunchScreen.storyboard in Resources */,
				5C101DA52841078500F5FE5D /* Assets.xcassets in Resources */,
			);
			runOnlyForDeploymentPostprocessing = 0;
		};
/* End PBXResourcesBuildPhase section */

/* Begin PBXSourcesBuildPhase section */
		5C101D942841078300F5FE5D /* Sources */ = {
			isa = PBXSourcesBuildPhase;
			buildActionMask = 2147483647;
			files = (
				5CA3BB4C286B652F0069B9EA /* alfa.swift in Sources */,
				5CA3BB40285FC6020069B9EA /* PostTableViewCell.swift in Sources */,
				5CD4C784285B35E70088240D /* LoginViewController.swift in Sources */,
				5CA3BB422864CDA70069B9EA /* PhotoGallery.swift in Sources */,
				5C101D9C2841078300F5FE5D /* AppDelegate.swift in Sources */,
				5CA3BB462864F0330069B9EA /* PhotosCollectionViewCell.swift in Sources */,
				5C101DB228410A2200F5FE5D /* FeedViewController.swift in Sources */,
				5C101DB428410A3F00F5FE5D /* ProfileViewController.swift in Sources */,
				5C101D9E2841078300F5FE5D /* SceneDelegate.swift in Sources */,
				5CA3BB4A2864FD6D0069B9EA /* PhotosTableViewCell.swift in Sources */,
				5C101DB828410A5D00F5FE5D /* InfoViewController.swift in Sources */,
				5C101DBA28410A9200F5FE5D /* Post.swift in Sources */,
				5CA3BB442864CFB40069B9EA /* PhotosViewController.swift in Sources */,
				5C101DB628410A4D00F5FE5D /* PostViewController.swift in Sources */,
				5CEDFD3D2846ADDB00AA08F3 /* ProfileHeaderview.swift in Sources */,
			);
			runOnlyForDeploymentPostprocessing = 0;
		};
/* End PBXSourcesBuildPhase section */

/* Begin PBXVariantGroup section */
		5C101DA62841078500F5FE5D /* LaunchScreen.storyboard */ = {
			isa = PBXVariantGroup;
			children = (
				5C101DA72841078500F5FE5D /* Base */,
			);
			name = LaunchScreen.storyboard;
			sourceTree = "<group>";
		};
/* End PBXVariantGroup section */

/* Begin XCBuildConfiguration section */
		5C101DAA2841078500F5FE5D /* Debug */ = {
			isa = XCBuildConfiguration;
			buildSettings = {
				ALWAYS_SEARCH_USER_PATHS = NO;
				CLANG_ANALYZER_NONNULL = YES;
				CLANG_ANALYZER_NUMBER_OBJECT_CONVERSION = YES_AGGRESSIVE;
				CLANG_CXX_LANGUAGE_STANDARD = "gnu++17";
				CLANG_CXX_LIBRARY = "libc++";
				CLANG_ENABLE_MODULES = YES;
				CLANG_ENABLE_OBJC_ARC = YES;
				CLANG_ENABLE_OBJC_WEAK = YES;
				CLANG_WARN_BLOCK_CAPTURE_AUTORELEASING = YES;
				CLANG_WARN_BOOL_CONVERSION = YES;
				CLANG_WARN_COMMA = YES;
				CLANG_WARN_CONSTANT_CONVERSION = YES;
				CLANG_WARN_DEPRECATED_OBJC_IMPLEMENTATIONS = YES;
				CLANG_WARN_DIRECT_OBJC_ISA_USAGE = YES_ERROR;
				CLANG_WARN_DOCUMENTATION_COMMENTS = YES;
				CLANG_WARN_EMPTY_BODY = YES;
				CLANG_WARN_ENUM_CONVERSION = YES;
				CLANG_WARN_INFINITE_RECURSION = YES;
				CLANG_WARN_INT_CONVERSION = YES;
				CLANG_WARN_NON_LITERAL_NULL_CONVERSION = YES;
				CLANG_WARN_OBJC_IMPLICIT_RETAIN_SELF = YES;
				CLANG_WARN_OBJC_LITERAL_CONVERSION = YES;
				CLANG_WARN_OBJC_ROOT_CLASS = YES_ERROR;
				CLANG_WARN_QUOTED_INCLUDE_IN_FRAMEWORK_HEADER = YES;
				CLANG_WARN_RANGE_LOOP_ANALYSIS = YES;
				CLANG_WARN_STRICT_PROTOTYPES = YES;
				CLANG_WARN_SUSPICIOUS_MOVE = YES;
				CLANG_WARN_UNGUARDED_AVAILABILITY = YES_AGGRESSIVE;
				CLANG_WARN_UNREACHABLE_CODE = YES;
				CLANG_WARN__DUPLICATE_METHOD_MATCH = YES;
				COPY_PHASE_STRIP = NO;
				DEBUG_INFORMATION_FORMAT = dwarf;
				ENABLE_STRICT_OBJC_MSGSEND = YES;
				ENABLE_TESTABILITY = YES;
				GCC_C_LANGUAGE_STANDARD = gnu11;
				GCC_DYNAMIC_NO_PIC = NO;
				GCC_NO_COMMON_BLOCKS = YES;
				GCC_OPTIMIZATION_LEVEL = 0;
				GCC_PREPROCESSOR_DEFINITIONS = (
					"DEBUG=1",
					"$(inherited)",
				);
				GCC_WARN_64_TO_32_BIT_CONVERSION = YES;
				GCC_WARN_ABOUT_RETURN_TYPE = YES_ERROR;
				GCC_WARN_UNDECLARED_SELECTOR = YES;
				GCC_WARN_UNINITIALIZED_AUTOS = YES_AGGRESSIVE;
				GCC_WARN_UNUSED_FUNCTION = YES;
				GCC_WARN_UNUSED_VARIABLE = YES;
				IPHONEOS_DEPLOYMENT_TARGET = 15.2;
				MTL_ENABLE_DEBUG_INFO = INCLUDE_SOURCE;
				MTL_FAST_MATH = YES;
				ONLY_ACTIVE_ARCH = YES;
				SDKROOT = iphoneos;
				SWIFT_ACTIVE_COMPILATION_CONDITIONS = DEBUG;
				SWIFT_OPTIMIZATION_LEVEL = "-Onone";
			};
			name = Debug;
		};
		5C101DAB2841078500F5FE5D /* Release */ = {
			isa = XCBuildConfiguration;
			buildSettings = {
				ALWAYS_SEARCH_USER_PATHS = NO;
				CLANG_ANALYZER_NONNULL = YES;
				CLANG_ANALYZER_NUMBER_OBJECT_CONVERSION = YES_AGGRESSIVE;
				CLANG_CXX_LANGUAGE_STANDARD = "gnu++17";
				CLANG_CXX_LIBRARY = "libc++";
				CLANG_ENABLE_MODULES = YES;
				CLANG_ENABLE_OBJC_ARC = YES;
				CLANG_ENABLE_OBJC_WEAK = YES;
				CLANG_WARN_BLOCK_CAPTURE_AUTORELEASING = YES;
				CLANG_WARN_BOOL_CONVERSION = YES;
				CLANG_WARN_COMMA = YES;
				CLANG_WARN_CONSTANT_CONVERSION = YES;
				CLANG_WARN_DEPRECATED_OBJC_IMPLEMENTATIONS = YES;
				CLANG_WARN_DIRECT_OBJC_ISA_USAGE = YES_ERROR;
				CLANG_WARN_DOCUMENTATION_COMMENTS = YES;
				CLANG_WARN_EMPTY_BODY = YES;
				CLANG_WARN_ENUM_CONVERSION = YES;
				CLANG_WARN_INFINITE_RECURSION = YES;
				CLANG_WARN_INT_CONVERSION = YES;
				CLANG_WARN_NON_LITERAL_NULL_CONVERSION = YES;
				CLANG_WARN_OBJC_IMPLICIT_RETAIN_SELF = YES;
				CLANG_WARN_OBJC_LITERAL_CONVERSION = YES;
				CLANG_WARN_OBJC_ROOT_CLASS = YES_ERROR;
				CLANG_WARN_QUOTED_INCLUDE_IN_FRAMEWORK_HEADER = YES;
				CLANG_WARN_RANGE_LOOP_ANALYSIS = YES;
				CLANG_WARN_STRICT_PROTOTYPES = YES;
				CLANG_WARN_SUSPICIOUS_MOVE = YES;
				CLANG_WARN_UNGUARDED_AVAILABILITY = YES_AGGRESSIVE;
				CLANG_WARN_UNREACHABLE_CODE = YES;
				CLANG_WARN__DUPLICATE_METHOD_MATCH = YES;
				COPY_PHASE_STRIP = NO;
				DEBUG_INFORMATION_FORMAT = "dwarf-with-dsym";
				ENABLE_NS_ASSERTIONS = NO;
				ENABLE_STRICT_OBJC_MSGSEND = YES;
				GCC_C_LANGUAGE_STANDARD = gnu11;
				GCC_NO_COMMON_BLOCKS = YES;
				GCC_WARN_64_TO_32_BIT_CONVERSION = YES;
				GCC_WARN_ABOUT_RETURN_TYPE = YES_ERROR;
				GCC_WARN_UNDECLARED_SELECTOR = YES;
				GCC_WARN_UNINITIALIZED_AUTOS = YES_AGGRESSIVE;
				GCC_WARN_UNUSED_FUNCTION = YES;
				GCC_WARN_UNUSED_VARIABLE = YES;
				IPHONEOS_DEPLOYMENT_TARGET = 15.2;
				MTL_ENABLE_DEBUG_INFO = NO;
				MTL_FAST_MATH = YES;
				SDKROOT = iphoneos;
				SWIFT_COMPILATION_MODE = wholemodule;
				SWIFT_OPTIMIZATION_LEVEL = "-O";
				VALIDATE_PRODUCT = YES;
			};
			name = Release;
		};
		5C101DAD2841078500F5FE5D /* Debug */ = {
			isa = XCBuildConfiguration;
			buildSettings = {
				ASSETCATALOG_COMPILER_APPICON_NAME = AppIcon;
				ASSETCATALOG_COMPILER_GLOBAL_ACCENT_COLOR_NAME = AccentColor;
				CODE_SIGN_IDENTITY = "Apple Development";
				CODE_SIGN_STYLE = Automatic;
				CURRENT_PROJECT_VERSION = 1;
				DEVELOPMENT_TEAM = 5FNBM392QS;
				GENERATE_INFOPLIST_FILE = YES;
				INFOPLIST_FILE = "Navigation-/Info.plist";
				INFOPLIST_KEY_UIApplicationSupportsIndirectInputEvents = YES;
				INFOPLIST_KEY_UILaunchStoryboardName = LaunchScreen;
				INFOPLIST_KEY_UISupportedInterfaceOrientations_iPad = "UIInterfaceOrientationPortrait UIInterfaceOrientationPortraitUpsideDown UIInterfaceOrientationLandscapeLeft UIInterfaceOrientationLandscapeRight";
				INFOPLIST_KEY_UISupportedInterfaceOrientations_iPhone = "UIInterfaceOrientationPortrait UIInterfaceOrientationLandscapeLeft UIInterfaceOrientationLandscapeRight";
				LD_RUNPATH_SEARCH_PATHS = (
					"$(inherited)",
					"@executable_path/Frameworks",
				);
				MARKETING_VERSION = 1.0;
				PRODUCT_BUNDLE_IDENTIFIER = "netology.Navigation-";
				PRODUCT_NAME = "$(TARGET_NAME)";
				PROVISIONING_PROFILE_SPECIFIER = "";
				SWIFT_EMIT_LOC_STRINGS = YES;
				SWIFT_VERSION = 5.0;
				TARGETED_DEVICE_FAMILY = "1,2";
			};
			name = Debug;
		};
		5C101DAE2841078500F5FE5D /* Release */ = {
			isa = XCBuildConfiguration;
			buildSettings = {
				ASSETCATALOG_COMPILER_APPICON_NAME = AppIcon;
				ASSETCATALOG_COMPILER_GLOBAL_ACCENT_COLOR_NAME = AccentColor;
				CODE_SIGN_IDENTITY = "Apple Development";
				CODE_SIGN_STYLE = Automatic;
				CURRENT_PROJECT_VERSION = 1;
				DEVELOPMENT_TEAM = 5FNBM392QS;
				GENERATE_INFOPLIST_FILE = YES;
				INFOPLIST_FILE = "Navigation-/Info.plist";
				INFOPLIST_KEY_UIApplicationSupportsIndirectInputEvents = YES;
				INFOPLIST_KEY_UILaunchStoryboardName = LaunchScreen;
				INFOPLIST_KEY_UISupportedInterfaceOrientations_iPad = "UIInterfaceOrientationPortrait UIInterfaceOrientationPortraitUpsideDown UIInterfaceOrientationLandscapeLeft UIInterfaceOrientationLandscapeRight";
				INFOPLIST_KEY_UISupportedInterfaceOrientations_iPhone = "UIInterfaceOrientationPortrait UIInterfaceOrientationLandscapeLeft UIInterfaceOrientationLandscapeRight";
				LD_RUNPATH_SEARCH_PATHS = (
					"$(inherited)",
					"@executable_path/Frameworks",
				);
				MARKETING_VERSION = 1.0;
				PRODUCT_BUNDLE_IDENTIFIER = "netology.Navigation-";
				PRODUCT_NAME = "$(TARGET_NAME)";
				PROVISIONING_PROFILE_SPECIFIER = "";
				SWIFT_EMIT_LOC_STRINGS = YES;
				SWIFT_VERSION = 5.0;
				TARGETED_DEVICE_FAMILY = "1,2";
			};
			name = Release;
		};
/* End XCBuildConfiguration section */

/* Begin XCConfigurationList section */
		5C101D932841078300F5FE5D /* Build configuration list for PBXProject "Navigation-" */ = {
			isa = XCConfigurationList;
			buildConfigurations = (
				5C101DAA2841078500F5FE5D /* Debug */,
				5C101DAB2841078500F5FE5D /* Release */,
			);
			defaultConfigurationIsVisible = 0;
			defaultConfigurationName = Release;
		};
		5C101DAC2841078500F5FE5D /* Build configuration list for PBXNativeTarget "Navigation-" */ = {
			isa = XCConfigurationList;
			buildConfigurations = (
				5C101DAD2841078500F5FE5D /* Debug */,
				5C101DAE2841078500F5FE5D /* Release */,
			);
			defaultConfigurationIsVisible = 0;
			defaultConfigurationName = Release;
		};
/* End XCConfigurationList section */
	};
	rootObject = 5C101D902841078300F5FE5D /* Project object */;
}
